
Microsoft Visual Studio Solution File, Format Version 12.00
# Visual Studio Version 16
VisualStudioVersion = 16.0.29519.87
MinimumVisualStudioVersion = 10.0.40219.1
Project("{FAE04EC0-301F-11D3-BF4B-00C04F79EFBC}") = "NewShore", "NewShore\NewShore.csproj", "{A1EA8DFD-31A3-424F-91E0-13368F1B5D74}"
EndProject
Global
	GlobalSection(SolutionConfigurationPlatforms) = preSolution
		Debug|Any CPU = Debug|Any CPU
		Release|Any CPU = Release|Any CPU
	EndGlobalSection
	GlobalSection(ProjectConfigurationPlatforms) = postSolution
		{A1EA8DFD-31A3-424F-91E0-13368F1B5D74}.Debug|Any CPU.ActiveCfg = Debug|Any CPU
		{A1EA8DFD-31A3-424F-91E0-13368F1B5D74}.Debug|Any CPU.Build.0 = Debug|Any CPU
		{A1EA8DFD-31A3-424F-91E0-13368F1B5D74}.Release|Any CPU.ActiveCfg = Release|Any CPU
		{A1EA8DFD-31A3-424F-91E0-13368F1B5D74}.Release|Any CPU.Build.0 = Release|Any CPU
	EndGlobalSection
	GlobalSection(SolutionProperties) = preSolution
		HideSolutionNode = FALSE
	EndGlobalSection
	GlobalSection(ExtensibilityGlobals) = postSolution
		SolutionGuid = {A50F500F-98D9-4988-B997-1D7CE7352DDC}
	EndGlobalSection
EndGlobal
